// !$*UTF8*$!
{
	archiveVersion = 1;
	classes = {
	};
	objectVersion = 50;
	objects = {

/* Begin PBXBuildFile section */
		07129E6B23D45F0B0039BD15 /* AppDelegate.swift in Sources */ = {isa = PBXBuildFile; fileRef = 07129E6A23D45F0B0039BD15 /* AppDelegate.swift */; };
		07129E6D23D45F0B0039BD15 /* SceneDelegate.swift in Sources */ = {isa = PBXBuildFile; fileRef = 07129E6C23D45F0B0039BD15 /* SceneDelegate.swift */; };
		07129E6F23D45F0B0039BD15 /* ViewController.swift in Sources */ = {isa = PBXBuildFile; fileRef = 07129E6E23D45F0B0039BD15 /* ViewController.swift */; };
		07129E7223D45F0B0039BD15 /* Main.storyboard in Resources */ = {isa = PBXBuildFile; fileRef = 07129E7023D45F0B0039BD15 /* Main.storyboard */; };
		07129E7423D45F0C0039BD15 /* Assets.xcassets in Resources */ = {isa = PBXBuildFile; fileRef = 07129E7323D45F0C0039BD15 /* Assets.xcassets */; };
		07129E7723D45F0C0039BD15 /* LaunchScreen.storyboard in Resources */ = {isa = PBXBuildFile; fileRef = 07129E7523D45F0C0039BD15 /* LaunchScreen.storyboard */; };
		07129E8223D45F0C0039BD15 /* try_MathQuiz_v1Tests.swift in Sources */ = {isa = PBXBuildFile; fileRef = 07129E8123D45F0C0039BD15 /* try_MathQuiz_v1Tests.swift */; };
		07129E8D23D45F0C0039BD15 /* try_MathQuiz_v1UITests.swift in Sources */ = {isa = PBXBuildFile; fileRef = 07129E8C23D45F0C0039BD15 /* try_MathQuiz_v1UITests.swift */; };
		072F32AF23D4BED500A4A915 /* AmenuVC.swift in Sources */ = {isa = PBXBuildFile; fileRef = 072F32AE23D4BED500A4A915 /* AmenuVC.swift */; };
		075A7C5623D9D03400DBE0D3 /* wrong.mp3 in Resources */ = {isa = PBXBuildFile; fileRef = 075A7C5523D9D03400DBE0D3 /* wrong.mp3 */; };
		075A7C5823D9D05900DBE0D3 /* win.mp3 in Resources */ = {isa = PBXBuildFile; fileRef = 075A7C5723D9D05900DBE0D3 /* win.mp3 */; };
/* End PBXBuildFile section */

/* Begin PBXContainerItemProxy section */
		07129E7E23D45F0C0039BD15 /* PBXContainerItemProxy */ = {
			isa = PBXContainerItemProxy;
			containerPortal = 07129E5F23D45F0B0039BD15 /* Project object */;
			proxyType = 1;
			remoteGlobalIDString = 07129E6623D45F0B0039BD15;
			remoteInfo = "try MathQuiz v1";
		};
		07129E8923D45F0C0039BD15 /* PBXContainerItemProxy */ = {
			isa = PBXContainerItemProxy;
			containerPortal = 07129E5F23D45F0B0039BD15 /* Project object */;
			proxyType = 1;
			remoteGlobalIDString = 07129E6623D45F0B0039BD15;
			remoteInfo = "try MathQuiz v1";
		};
/* End PBXContainerItemProxy section */

/* Begin PBXFileReference section */
		07129E6723D45F0B0039BD15 /* try MathQuiz v1.app */ = {isa = PBXFileReference; explicitFileType = wrapper.application; includeInIndex = 0; path = "try MathQuiz v1.app"; sourceTree = BUILT_PRODUCTS_DIR; };
		07129E6A23D45F0B0039BD15 /* AppDelegate.swift */ = {isa = PBXFileReference; lastKnownFileType = sourcecode.swift; path = AppDelegate.swift; sourceTree = "<group>"; };
		07129E6C23D45F0B0039BD15 /* SceneDelegate.swift */ = {isa = PBXFileReference; lastKnownFileType = sourcecode.swift; path = SceneDelegate.swift; sourceTree = "<group>"; };
		07129E6E23D45F0B0039BD15 /* ViewController.swift */ = {isa = PBXFileReference; lastKnownFileType = sourcecode.swift; path = ViewController.swift; sourceTree = "<group>"; };
		07129E7123D45F0B0039BD15 /* Base */ = {isa = PBXFileReference; lastKnownFileType = file.storyboard; name = Base; path = Base.lproj/Main.storyboard; sourceTree = "<group>"; };
		07129E7323D45F0C0039BD15 /* Assets.xcassets */ = {isa = PBXFileReference; lastKnownFileType = folder.assetcatalog; path = Assets.xcassets; sourceTree = "<group>"; };
		07129E7623D45F0C0039BD15 /* Base */ = {isa = PBXFileReference; lastKnownFileType = file.storyboard; name = Base; path = Base.lproj/LaunchScreen.storyboard; sourceTree = "<group>"; };
		07129E7823D45F0C0039BD15 /* Info.plist */ = {isa = PBXFileReference; lastKnownFileType = text.plist.xml; path = Info.plist; sourceTree = "<group>"; };
		07129E7D23D45F0C0039BD15 /* try MathQuiz v1Tests.xctest */ = {isa = PBXFileReference; explicitFileType = wrapper.cfbundle; includeInIndex = 0; path = "try MathQuiz v1Tests.xctest"; sourceTree = BUILT_PRODUCTS_DIR; };
		07129E8123D45F0C0039BD15 /* try_MathQuiz_v1Tests.swift */ = {isa = PBXFileReference; lastKnownFileType = sourcecode.swift; path = try_MathQuiz_v1Tests.swift; sourceTree = "<group>"; };
		07129E8323D45F0C0039BD15 /* Info.plist */ = {isa = PBXFileReference; lastKnownFileType = text.plist.xml; path = Info.plist; sourceTree = "<group>"; };
		07129E8823D45F0C0039BD15 /* try MathQuiz v1UITests.xctest */ = {isa = PBXFileReference; explicitFileType = wrapper.cfbundle; includeInIndex = 0; path = "try MathQuiz v1UITests.xctest"; sourceTree = BUILT_PRODUCTS_DIR; };
		07129E8C23D45F0C0039BD15 /* try_MathQuiz_v1UITests.swift */ = {isa = PBXFileReference; lastKnownFileType = sourcecode.swift; path = try_MathQuiz_v1UITests.swift; sourceTree = "<group>"; };
		07129E8E23D45F0C0039BD15 /* Info.plist */ = {isa = PBXFileReference; lastKnownFileType = text.plist.xml; path = Info.plist; sourceTree = "<group>"; };
		072F32AE23D4BED500A4A915 /* AmenuVC.swift */ = {isa = PBXFileReference; lastKnownFileType = sourcecode.swift; path = AmenuVC.swift; sourceTree = "<group>"; };
		075A7C5523D9D03400DBE0D3 /* wrong.mp3 */ = {isa = PBXFileReference; lastKnownFileType = audio.mp3; path = wrong.mp3; sourceTree = "<group>"; };
		075A7C5723D9D05900DBE0D3 /* win.mp3 */ = {isa = PBXFileReference; lastKnownFileType = audio.mp3; path = win.mp3; sourceTree = "<group>"; };
/* End PBXFileReference section */

/* Begin PBXFrameworksBuildPhase section */
		07129E6423D45F0B0039BD15 /* Frameworks */ = {
			isa = PBXFrameworksBuildPhase;
			buildActionMask = 2147483647;
			files = (
			);
			runOnlyForDeploymentPostprocessing = 0;
		};
		07129E7A23D45F0C0039BD15 /* Frameworks */ = {
			isa = PBXFrameworksBuildPhase;
			buildActionMask = 2147483647;
			files = (
			);
			runOnlyForDeploymentPostprocessing = 0;
		};
		07129E8523D45F0C0039BD15 /* Frameworks */ = {
			isa = PBXFrameworksBuildPhase;
			buildActionMask = 2147483647;
			files = (
			);
			runOnlyForDeploymentPostprocessing = 0;
		};
/* End PBXFrameworksBuildPhase section */

/* Begin PBXGroup section */
		07129E5E23D45F0B0039BD15 = {
			isa = PBXGroup;
			children = (
				07129E6923D45F0B0039BD15 /* try MathQuiz v1 */,
				07129E8023D45F0C0039BD15 /* try MathQuiz v1Tests */,
				07129E8B23D45F0C0039BD15 /* try MathQuiz v1UITests */,
				07129E6823D45F0B0039BD15 /* Products */,
			);
			sourceTree = "<group>";
		};
		07129E6823D45F0B0039BD15 /* Products */ = {
			isa = PBXGroup;
			children = (
				07129E6723D45F0B0039BD15 /* try MathQuiz v1.app */,
				07129E7D23D45F0C0039BD15 /* try MathQuiz v1Tests.xctest */,
				07129E8823D45F0C0039BD15 /* try MathQuiz v1UITests.xctest */,
			);
			name = Products;
			sourceTree = "<group>";
		};
		07129E6923D45F0B0039BD15 /* try MathQuiz v1 */ = {
			isa = PBXGroup;
			children = (
				075A7C5923D9D06D00DBE0D3 /* Sounds */,
				07129E6A23D45F0B0039BD15 /* AppDelegate.swift */,
				07129E6C23D45F0B0039BD15 /* SceneDelegate.swift */,
				072F32AE23D4BED500A4A915 /* AmenuVC.swift */,
				07129E6E23D45F0B0039BD15 /* ViewController.swift */,
				07129E7023D45F0B0039BD15 /* Main.storyboard */,
				07129E7323D45F0C0039BD15 /* Assets.xcassets */,
				07129E7523D45F0C0039BD15 /* LaunchScreen.storyboard */,
				07129E7823D45F0C0039BD15 /* Info.plist */,
			);
			path = "try MathQuiz v1";
			sourceTree = "<group>";
		};
		07129E8023D45F0C0039BD15 /* try MathQuiz v1Tests */ = {
			isa = PBXGroup;
			children = (
				07129E8123D45F0C0039BD15 /* try_MathQuiz_v1Tests.swift */,
				07129E8323D45F0C0039BD15 /* Info.plist */,
			);
			path = "try MathQuiz v1Tests";
			sourceTree = "<group>";
		};
		07129E8B23D45F0C0039BD15 /* try MathQuiz v1UITests */ = {
			isa = PBXGroup;
			children = (
				07129E8C23D45F0C0039BD15 /* try_MathQuiz_v1UITests.swift */,
				07129E8E23D45F0C0039BD15 /* Info.plist */,
			);
			path = "try MathQuiz v1UITests";
			sourceTree = "<group>";
		};
		075A7C5923D9D06D00DBE0D3 /* Sounds */ = {
			isa = PBXGroup;
			children = (
				075A7C5523D9D03400DBE0D3 /* wrong.mp3 */,
				075A7C5723D9D05900DBE0D3 /* win.mp3 */,
			);
			path = Sounds;
			sourceTree = "<group>";
		};
/* End PBXGroup section */

/* Begin PBXNativeTarget section */
		07129E6623D45F0B0039BD15 /* try MathQuiz v1 */ = {
			isa = PBXNativeTarget;
			buildConfigurationList = 07129E9123D45F0C0039BD15 /* Build configuration list for PBXNativeTarget "try MathQuiz v1" */;
			buildPhases = (
				07129E6323D45F0B0039BD15 /* Sources */,
				07129E6423D45F0B0039BD15 /* Frameworks */,
				07129E6523D45F0B0039BD15 /* Resources */,
			);
			buildRules = (
			);
			dependencies = (
			);
			name = "try MathQuiz v1";
			productName = "try MathQuiz v1";
			productReference = 07129E6723D45F0B0039BD15 /* try MathQuiz v1.app */;
			productType = "com.apple.product-type.application";
		};
		07129E7C23D45F0C0039BD15 /* try MathQuiz v1Tests */ = {
			isa = PBXNativeTarget;
			buildConfigurationList = 07129E9423D45F0C0039BD15 /* Build configuration list for PBXNativeTarget "try MathQuiz v1Tests" */;
			buildPhases = (
				07129E7923D45F0C0039BD15 /* Sources */,
				07129E7A23D45F0C0039BD15 /* Frameworks */,
				07129E7B23D45F0C0039BD15 /* Resources */,
			);
			buildRules = (
			);
			dependencies = (
				07129E7F23D45F0C0039BD15 /* PBXTargetDependency */,
			);
			name = "try MathQuiz v1Tests";
			productName = "try MathQuiz v1Tests";
			productReference = 07129E7D23D45F0C0039BD15 /* try MathQuiz v1Tests.xctest */;
			productType = "com.apple.product-type.bundle.unit-test";
		};
		07129E8723D45F0C0039BD15 /* try MathQuiz v1UITests */ = {
			isa = PBXNativeTarget;
			buildConfigurationList = 07129E9723D45F0C0039BD15 /* Build configuration list for PBXNativeTarget "try MathQuiz v1UITests" */;
			buildPhases = (
				07129E8423D45F0C0039BD15 /* Sources */,
				07129E8523D45F0C0039BD15 /* Frameworks */,
				07129E8623D45F0C0039BD15 /* Resources */,
			);
			buildRules = (
			);
			dependencies = (
				07129E8A23D45F0C0039BD15 /* PBXTargetDependency */,
			);
			name = "try MathQuiz v1UITests";
			productName = "try MathQuiz v1UITests";
			productReference = 07129E8823D45F0C0039BD15 /* try MathQuiz v1UITests.xctest */;
			productType = "com.apple.product-type.bundle.ui-testing";
		};
/* End PBXNativeTarget section */

/* Begin PBXProject section */
		07129E5F23D45F0B0039BD15 /* Project object */ = {
			isa = PBXProject;
			attributes = {
				LastSwiftUpdateCheck = 1130;
				LastUpgradeCheck = 1130;
				ORGANIZATIONNAME = "UFO Xcode";
				TargetAttributes = {
					07129E6623D45F0B0039BD15 = {
						CreatedOnToolsVersion = 11.3.1;
					};
					07129E7C23D45F0C0039BD15 = {
						CreatedOnToolsVersion = 11.3.1;
						TestTargetID = 07129E6623D45F0B0039BD15;
					};
					07129E8723D45F0C0039BD15 = {
						CreatedOnToolsVersion = 11.3.1;
						TestTargetID = 07129E6623D45F0B0039BD15;
					};
				};
			};
			buildConfigurationList = 07129E6223D45F0B0039BD15 /* Build configuration list for PBXProject "try MathQuiz v1" */;
			compatibilityVersion = "Xcode 9.3";
			developmentRegion = en;
			hasScannedForEncodings = 0;
			knownRegions = (
				en,
				Base,
			);
			mainGroup = 07129E5E23D45F0B0039BD15;
			productRefGroup = 07129E6823D45F0B0039BD15 /* Products */;
			projectDirPath = "";
			projectRoot = "";
			targets = (
				07129E6623D45F0B0039BD15 /* try MathQuiz v1 */,
				07129E7C23D45F0C0039BD15 /* try MathQuiz v1Tests */,
				07129E8723D45F0C0039BD15 /* try MathQuiz v1UITests */,
			);
		};
/* End PBXProject section */

/* Begin PBXResourcesBuildPhase section */
		07129E6523D45F0B0039BD15 /* Resources */ = {
			isa = PBXResourcesBuildPhase;
			buildActionMask = 2147483647;
			files = (
				075A7C5623D9D03400DBE0D3 /* wrong.mp3 in Resources */,
				07129E7723D45F0C0039BD15 /* LaunchScreen.storyboard in Resources */,
				07129E7423D45F0C0039BD15 /* Assets.xcassets in Resources */,
				075A7C5823D9D05900DBE0D3 /* win.mp3 in Resources */,
				07129E7223D45F0B0039BD15 /* Main.storyboard in Resources */,
			);
			runOnlyForDeploymentPostprocessing = 0;
		};
		07129E7B23D45F0C0039BD15 /* Resources */ = {
			isa = PBXResourcesBuildPhase;
			buildActionMask = 2147483647;
			files = (
			);
			runOnlyForDeploymentPostprocessing = 0;
		};
		07129E8623D45F0C0039BD15 /* Resources */ = {
			isa = PBXResourcesBuildPhase;
			buildActionMask = 2147483647;
			files = (
			);
			runOnlyForDeploymentPostprocessing = 0;
		};
/* End PBXResourcesBuildPhase section */

/* Begin PBXSourcesBuildPhase section */
		07129E6323D45F0B0039BD15 /* Sources */ = {
			isa = PBXSourcesBuildPhase;
			buildActionMask = 2147483647;
			files = (
				07129E6F23D45F0B0039BD15 /* ViewController.swift in Sources */,
				07129E6B23D45F0B0039BD15 /* AppDelegate.swift in Sources */,
				07129E6D23D45F0B0039BD15 /* SceneDelegate.swift in Sources */,
				072F32AF23D4BED500A4A915 /* AmenuVC.swift in Sources */,
			);
			runOnlyForDeploymentPostprocessing = 0;
		};
		07129E7923D45F0C0039BD15 /* Sources */ = {
			isa = PBXSourcesBuildPhase;
			buildActionMask = 2147483647;
			files = (
				07129E8223D45F0C0039BD15 /* try_MathQuiz_v1Tests.swift in Sources */,
			);
			runOnlyForDeploymentPostprocessing = 0;
		};
		07129E8423D45F0C0039BD15 /* Sources */ = {
			isa = PBXSourcesBuildPhase;
			buildActionMask = 2147483647;
			files = (
				07129E8D23D45F0C0039BD15 /* try_MathQuiz_v1UITests.swift in Sources */,
			);
			runOnlyForDeploymentPostprocessing = 0;
		};
/* End PBXSourcesBuildPhase section */

/* Begin PBXTargetDependency section */
		07129E7F23D45F0C0039BD15 /* PBXTargetDependency */ = {
			isa = PBXTargetDependency;
			target = 07129E6623D45F0B0039BD15 /* try MathQuiz v1 */;
			targetProxy = 07129E7E23D45F0C0039BD15 /* PBXContainerItemProxy */;
		};
		07129E8A23D45F0C0039BD15 /* PBXTargetDependency */ = {
			isa = PBXTargetDependency;
			target = 07129E6623D45F0B0039BD15 /* try MathQuiz v1 */;
			targetProxy = 07129E8923D45F0C0039BD15 /* PBXContainerItemProxy */;
		};
/* End PBXTargetDependency section */

/* Begin PBXVariantGroup section */
		07129E7023D45F0B0039BD15 /* Main.storyboard */ = {
			isa = PBXVariantGroup;
			children = (
				07129E7123D45F0B0039BD15 /* Base */,
			);
			name = Main.storyboard;
			sourceTree = "<group>";
		};
		07129E7523D45F0C0039BD15 /* LaunchScreen.storyboard */ = {
			isa = PBXVariantGroup;
			children = (
				07129E7623D45F0C0039BD15 /* Base */,
			);
			name = LaunchScreen.storyboard;
			sourceTree = "<group>";
		};
/* End PBXVariantGroup section */

/* Begin XCBuildConfiguration section */
		07129E8F23D45F0C0039BD15 /* Debug */ = {
			isa = XCBuildConfiguration;
			buildSettings = {
				ALWAYS_SEARCH_USER_PATHS = NO;
				CLANG_ANALYZER_NONNULL = YES;
				CLANG_ANALYZER_NUMBER_OBJECT_CONVERSION = YES_AGGRESSIVE;
				CLANG_CXX_LANGUAGE_STANDARD = "gnu++14";
				CLANG_CXX_LIBRARY = "libc++";
				CLANG_ENABLE_MODULES = YES;
				CLANG_ENABLE_OBJC_ARC = YES;
				CLANG_ENABLE_OBJC_WEAK = YES;
				CLANG_WARN_BLOCK_CAPTURE_AUTORELEASING = YES;
				CLANG_WARN_BOOL_CONVERSION = YES;
				CLANG_WARN_COMMA = YES;
				CLANG_WARN_CONSTANT_CONVERSION = YES;
				CLANG_WARN_DEPRECATED_OBJC_IMPLEMENTATIONS = YES;
				CLANG_WARN_DIRECT_OBJC_ISA_USAGE = YES_ERROR;
				CLANG_WARN_DOCUMENTATION_COMMENTS = YES;
				CLANG_WARN_EMPTY_BODY = YES;
				CLANG_WARN_ENUM_CONVERSION = YES;
				CLANG_WARN_INFINITE_RECURSION = YES;
				CLANG_WARN_INT_CONVERSION = YES;
				CLANG_WARN_NON_LITERAL_NULL_CONVERSION = YES;
				CLANG_WARN_OBJC_IMPLICIT_RETAIN_SELF = YES;
				CLANG_WARN_OBJC_LITERAL_CONVERSION = YES;
				CLANG_WARN_OBJC_ROOT_CLASS = YES_ERROR;
				CLANG_WARN_RANGE_LOOP_ANALYSIS = YES;
				CLANG_WARN_STRICT_PROTOTYPES = YES;
				CLANG_WARN_SUSPICIOUS_MOVE = YES;
				CLANG_WARN_UNGUARDED_AVAILABILITY = YES_AGGRESSIVE;
				CLANG_WARN_UNREACHABLE_CODE = YES;
				CLANG_WARN__DUPLICATE_METHOD_MATCH = YES;
				COPY_PHASE_STRIP = NO;
				DEBUG_INFORMATION_FORMAT = dwarf;
				ENABLE_STRICT_OBJC_MSGSEND = YES;
				ENABLE_TESTABILITY = YES;
				GCC_C_LANGUAGE_STANDARD = gnu11;
				GCC_DYNAMIC_NO_PIC = NO;
				GCC_NO_COMMON_BLOCKS = YES;
				GCC_OPTIMIZATION_LEVEL = 0;
				GCC_PREPROCESSOR_DEFINITIONS = (
					"DEBUG=1",
					"$(inherited)",
				);
				GCC_WARN_64_TO_32_BIT_CONVERSION = YES;
				GCC_WARN_ABOUT_RETURN_TYPE = YES_ERROR;
				GCC_WARN_UNDECLARED_SELECTOR = YES;
				GCC_WARN_UNINITIALIZED_AUTOS = YES_AGGRESSIVE;
				GCC_WARN_UNUSED_FUNCTION = YES;
				GCC_WARN_UNUSED_VARIABLE = YES;
				IPHONEOS_DEPLOYMENT_TARGET = 13.2;
				MTL_ENABLE_DEBUG_INFO = INCLUDE_SOURCE;
				MTL_FAST_MATH = YES;
				ONLY_ACTIVE_ARCH = YES;
				SDKROOT = iphoneos;
				SWIFT_ACTIVE_COMPILATION_CONDITIONS = DEBUG;
				SWIFT_OPTIMIZATION_LEVEL = "-Onone";
			};
			name = Debug;
		};
		07129E9023D45F0C0039BD15 /* Release */ = {
			isa = XCBuildConfiguration;
			buildSettings = {
				ALWAYS_SEARCH_USER_PATHS = NO;
				CLANG_ANALYZER_NONNULL = YES;
				CLANG_ANALYZER_NUMBER_OBJECT_CONVERSION = YES_AGGRESSIVE;
				CLANG_CXX_LANGUAGE_STANDARD = "gnu++14";
				CLANG_CXX_LIBRARY = "libc++";
				CLANG_ENABLE_MODULES = YES;
				CLANG_ENABLE_OBJC_ARC = YES;
				CLANG_ENABLE_OBJC_WEAK = YES;
				CLANG_WARN_BLOCK_CAPTURE_AUTORELEASING = YES;
				CLANG_WARN_BOOL_CONVERSION = YES;
				CLANG_WARN_COMMA = YES;
				CLANG_WARN_CONSTANT_CONVERSION = YES;
				CLANG_WARN_DEPRECATED_OBJC_IMPLEMENTATIONS = YES;
				CLANG_WARN_DIRECT_OBJC_ISA_USAGE = YES_ERROR;
				CLANG_WARN_DOCUMENTATION_COMMENTS = YES;
				CLANG_WARN_EMPTY_BODY = YES;
				CLANG_WARN_ENUM_CONVERSION = YES;
				CLANG_WARN_INFINITE_RECURSION = YES;
				CLANG_WARN_INT_CONVERSION = YES;
				CLANG_WARN_NON_LITERAL_NULL_CONVERSION = YES;
				CLANG_WARN_OBJC_IMPLICIT_RETAIN_SELF = YES;
				CLANG_WARN_OBJC_LITERAL_CONVERSION = YES;
				CLANG_WARN_OBJC_ROOT_CLASS = YES_ERROR;
				CLANG_WARN_RANGE_LOOP_ANALYSIS = YES;
				CLANG_WARN_STRICT_PROTOTYPES = YES;
				CLANG_WARN_SUSPICIOUS_MOVE = YES;
				CLANG_WARN_UNGUARDED_AVAILABILITY = YES_AGGRESSIVE;
				CLANG_WARN_UNREACHABLE_CODE = YES;
				CLANG_WARN__DUPLICATE_METHOD_MATCH = YES;
				COPY_PHASE_STRIP = NO;
				DEBUG_INFORMATION_FORMAT = "dwarf-with-dsym";
				ENABLE_NS_ASSERTIONS = NO;
				ENABLE_STRICT_OBJC_MSGSEND = YES;
				GCC_C_LANGUAGE_STANDARD = gnu11;
				GCC_NO_COMMON_BLOCKS = YES;
				GCC_WARN_64_TO_32_BIT_CONVERSION = YES;
				GCC_WARN_ABOUT_RETURN_TYPE = YES_ERROR;
				GCC_WARN_UNDECLARED_SELECTOR = YES;
				GCC_WARN_UNINITIALIZED_AUTOS = YES_AGGRESSIVE;
				GCC_WARN_UNUSED_FUNCTION = YES;
				GCC_WARN_UNUSED_VARIABLE = YES;
				IPHONEOS_DEPLOYMENT_TARGET = 13.2;
				MTL_ENABLE_DEBUG_INFO = NO;
				MTL_FAST_MATH = YES;
				SDKROOT = iphoneos;
				SWIFT_COMPILATION_MODE = wholemodule;
				SWIFT_OPTIMIZATION_LEVEL = "-O";
				VALIDATE_PRODUCT = YES;
			};
			name = Release;
		};
		07129E9223D45F0C0039BD15 /* Debug */ = {
			isa = XCBuildConfiguration;
			buildSettings = {
				ASSETCATALOG_COMPILER_APPICON_NAME = AppIcon;
				CODE_SIGN_STYLE = Automatic;
				DEVELOPMENT_TEAM = LAPFZJFV8G;
				INFOPLIST_FILE = "try MathQuiz v1/Info.plist";
				LD_RUNPATH_SEARCH_PATHS = (
					"$(inherited)",
					"@executable_path/Frameworks",
				);
				PRODUCT_BUNDLE_IDENTIFIER = "com.ufoxcode.try-MathQuiz-v1";
				PRODUCT_NAME = "$(TARGET_NAME)";
				SWIFT_VERSION = 5.0;
				TARGETED_DEVICE_FAMILY = "1,2";
			};
			name = Debug;
		};
		07129E9323D45F0C0039BD15 /* Release */ = {
			isa = XCBuildConfiguration;
			buildSettings = {
				ASSETCATALOG_COMPILER_APPICON_NAME = AppIcon;
				CODE_SIGN_STYLE = Automatic;
				DEVELOPMENT_TEAM = LAPFZJFV8G;
				INFOPLIST_FILE = "try MathQuiz v1/Info.plist";
				LD_RUNPATH_SEARCH_PATHS = (
					"$(inherited)",
					"@executable_path/Frameworks",
				);
				PRODUCT_BUNDLE_IDENTIFIER = "com.ufoxcode.try-MathQuiz-v1";
				PRODUCT_NAME = "$(TARGET_NAME)";
				SWIFT_VERSION = 5.0;
				TARGETED_DEVICE_FAMILY = "1,2";
			};
			name = Release;
		};
		07129E9523D45F0C0039BD15 /* Debug */ = {
			isa = XCBuildConfiguration;
			buildSettings = {
				ALWAYS_EMBED_SWIFT_STANDARD_LIBRARIES = YES;
				BUNDLE_LOADER = "$(TEST_HOST)";
				CODE_SIGN_STYLE = Automatic;
				INFOPLIST_FILE = "try MathQuiz v1Tests/Info.plist";
				IPHONEOS_DEPLOYMENT_TARGET = 13.2;
				LD_RUNPATH_SEARCH_PATHS = (
					"$(inherited)",
					"@executable_path/Frameworks",
					"@loader_path/Frameworks",
				);
				PRODUCT_BUNDLE_IDENTIFIER = "com.ufoxcode.try-MathQuiz-v1Tests";
				PRODUCT_NAME = "$(TARGET_NAME)";
				SWIFT_VERSION = 5.0;
				TARGETED_DEVICE_FAMILY = "1,2";
				TEST_HOST = "$(BUILT_PRODUCTS_DIR)/try MathQuiz v1.app/try MathQuiz v1";
			};
			name = Debug;
		};
		07129E9623D45F0C0039BD15 /* Release */ = {
			isa = XCBuildConfiguration;
			buildSettings = {
				ALWAYS_EMBED_SWIFT_STANDARD_LIBRARIES = YES;
				BUNDLE_LOADER = "$(TEST_HOST)";
				CODE_SIGN_STYLE = Automatic;
				INFOPLIST_FILE = "try MathQuiz v1Tests/Info.plist";
				IPHONEOS_DEPLOYMENT_TARGET = 13.2;
				LD_RUNPATH_SEARCH_PATHS = (
					"$(inherited)",
					"@executable_path/Frameworks",
					"@loader_path/Frameworks",
				);
				PRODUCT_BUNDLE_IDENTIFIER = "com.ufoxcode.try-MathQuiz-v1Tests";
				PRODUCT_NAME = "$(TARGET_NAME)";
				SWIFT_VERSION = 5.0;
				TARGETED_DEVICE_FAMILY = "1,2";
				TEST_HOST = "$(BUILT_PRODUCTS_DIR)/try MathQuiz v1.app/try MathQuiz v1";
			};
			name = Release;
		};
		07129E9823D45F0C0039BD15 /* Debug */ = {
			isa = XCBuildConfiguration;
			buildSettings = {
				ALWAYS_EMBED_SWIFT_STANDARD_LIBRARIES = YES;
				CODE_SIGN_STYLE = Automatic;
				INFOPLIST_FILE = "try MathQuiz v1UITests/Info.plist";
				LD_RUNPATH_SEARCH_PATHS = (
					"$(inherited)",
					"@executable_path/Frameworks",
					"@loader_path/Frameworks",
				);
				PRODUCT_BUNDLE_IDENTIFIER = "com.ufoxcode.try-MathQuiz-v1UITests";
				PRODUCT_NAME = "$(TARGET_NAME)";
				SWIFT_VERSION = 5.0;
				TARGETED_DEVICE_FAMILY = "1,2";
				TEST_TARGET_NAME = "try MathQuiz v1";
			};
			name = Debug;
		};
		07129E9923D45F0C0039BD15 /* Release */ = {
			isa = XCBuildConfiguration;
			buildSettings = {
				ALWAYS_EMBED_SWIFT_STANDARD_LIBRARIES = YES;
				CODE_SIGN_STYLE = Automatic;
				INFOPLIST_FILE = "try MathQuiz v1UITests/Info.plist";
				LD_RUNPATH_SEARCH_PATHS = (
					"$(inherited)",
					"@executable_path/Frameworks",
					"@loader_path/Frameworks",
				);
				PRODUCT_BUNDLE_IDENTIFIER = "com.ufoxcode.try-MathQuiz-v1UITests";
				PRODUCT_NAME = "$(TARGET_NAME)";
				SWIFT_VERSION = 5.0;
				TARGETED_DEVICE_FAMILY = "1,2";
				TEST_TARGET_NAME = "try MathQuiz v1";
			};
			name = Release;
		};
/* End XCBuildConfiguration section */

/* Begin XCConfigurationList section */
		07129E6223D45F0B0039BD15 /* Build configuration list for PBXProject "try MathQuiz v1" */ = {
			isa = XCConfigurationList;
			buildConfigurations = (
				07129E8F23D45F0C0039BD15 /* Debug */,
				07129E9023D45F0C0039BD15 /* Release */,
			);
			defaultConfigurationIsVisible = 0;
			defaultConfigurationName = Release;
		};
		07129E9123D45F0C0039BD15 /* Build configuration list for PBXNativeTarget "try MathQuiz v1" */ = {
			isa = XCConfigurationList;
			buildConfigurations = (
				07129E9223D45F0C0039BD15 /* Debug */,
				07129E9323D45F0C0039BD15 /* Release */,
			);
			defaultConfigurationIsVisible = 0;
			defaultConfigurationName = Release;
		};
		07129E9423D45F0C0039BD15 /* Build configuration list for PBXNativeTarget "try MathQuiz v1Tests" */ = {
			isa = XCConfigurationList;
			buildConfigurations = (
				07129E9523D45F0C0039BD15 /* Debug */,
				07129E9623D45F0C0039BD15 /* Release */,
			);
			defaultConfigurationIsVisible = 0;
			defaultConfigurationName = Release;
		};
		07129E9723D45F0C0039BD15 /* Build configuration list for PBXNativeTarget "try MathQuiz v1UITests" */ = {
			isa = XCConfigurationList;
			buildConfigurations = (
				07129E9823D45F0C0039BD15 /* Debug */,
				07129E9923D45F0C0039BD15 /* Release */,
			);
			defaultConfigurationIsVisible = 0;
			defaultConfigurationName = Release;
		};
/* End XCConfigurationList section */
	};
	rootObject = 07129E5F23D45F0B0039BD15 /* Project object */;
}
